PODS:
  - ASN1Decoder (1.9.0)
  - boost (1.76.0)
  - BVLinearGradient (2.6.2):
    - React-Core
  - DoubleConversion (1.1.6)
  - EASClient (0.6.0):
    - ExpoModulesCore
  - EXApplication (5.3.1):
    - ExpoModulesCore
  - EXConstants (14.4.2):
    - ExpoModulesCore
  - EXFileSystem (15.4.4):
    - ExpoModulesCore
  - EXFont (11.4.0):
    - ExpoModulesCore
  - EXJSONUtils (0.7.1)
  - EXLocalAuthentication (13.0.2):
    - ExpoModulesCore
  - EXManifests (0.7.2):
    - ExpoModulesCore
  - EXNotifications (0.20.1):
    - ExpoModulesCore
  - EXPermissions (14.0.0):
    - ExpoModulesCore
  - Expo (49.0.11):
    - ExpoModulesCore
  - ExpoHaptics (11.3.0):
    - ExpoModulesCore
  - ExpoKeepAwake (12.3.0):
    - ExpoModulesCore
  - ExpoModulesCore (1.5.11):
    - RCT-Folly (= 2021.07.22.00)
    - React-Core
    - React-RCTAppDelegate
    - ReactCommon/turbomodule/core
  - EXStructuredHeaders (3.3.0)
  - EXUpdates (0.18.13):
    - ASN1Decoder (~> 1.8)
    - EASClient
    - EXManifests
    - ExpoModulesCore
    - EXStructuredHeaders
    - EXUpdatesInterface
    - RCT-Folly (= 2021.07.22.00)
    - ReachabilitySwift
    - React-Core
  - EXUpdatesInterface (0.10.1)
  - FBLazyVector (0.71.1)
  - FBReactNativeSpec (0.71.1):
    - RCT-Folly (= 2021.07.22.00)
    - RCTRequired (= 0.71.1)
    - RCTTypeSafety (= 0.71.1)
    - React-Core (= 0.71.1)
    - React-jsi (= 0.71.1)
    - ReactCommon/turbomodule/core (= 0.71.1)
  - Firebase/AnalyticsWithoutAdIdSupport (10.15.0):
    - Firebase/CoreOnly
    - FirebaseAnalytics/WithoutAdIdSupport (~> 10.15.0)
  - Firebase/CoreOnly (10.15.0):
    - FirebaseCore (= 10.15.0)
  - Firebase/Messaging (10.15.0):
    - Firebase/CoreOnly
    - FirebaseMessaging (~> 10.15.0)
  - FirebaseAnalytics/WithoutAdIdSupport (10.15.0):
    - FirebaseCore (~> 10.0)
    - FirebaseInstallations (~> 10.0)
    - GoogleAppMeasurement/WithoutAdIdSupport (= 10.15.0)
    - GoogleUtilities/AppDelegateSwizzler (~> 7.11)
    - GoogleUtilities/MethodSwizzler (~> 7.11)
    - GoogleUtilities/Network (~> 7.11)
    - "GoogleUtilities/NSData+zlib (~> 7.11)"
    - nanopb (< 2.30910.0, >= 2.30908.0)
  - FirebaseCore (10.15.0):
    - FirebaseCoreInternal (~> 10.0)
    - GoogleUtilities/Environment (~> 7.8)
    - GoogleUtilities/Logger (~> 7.8)
  - FirebaseCoreExtension (10.15.0):
    - FirebaseCore (~> 10.0)
  - FirebaseCoreInternal (10.15.0):
    - "GoogleUtilities/NSData+zlib (~> 7.8)"
  - FirebaseInstallations (10.15.0):
    - FirebaseCore (~> 10.0)
    - GoogleUtilities/Environment (~> 7.8)
    - GoogleUtilities/UserDefaults (~> 7.8)
    - PromisesObjC (~> 2.1)
  - FirebaseMessaging (10.15.0):
    - FirebaseCore (~> 10.0)
    - FirebaseInstallations (~> 10.0)
    - GoogleDataTransport (~> 9.2)
    - GoogleUtilities/AppDelegateSwizzler (~> 7.8)
    - GoogleUtilities/Environment (~> 7.8)
    - GoogleUtilities/Reachability (~> 7.8)
    - GoogleUtilities/UserDefaults (~> 7.8)
    - nanopb (< 2.30910.0, >= 2.30908.0)
  - fmt (6.2.1)
  - glog (0.3.5)
  - Google-Mobile-Ads-SDK (9.14.0):
    - GoogleAppMeasurement (< 11.0, >= 7.0)
    - GoogleUserMessagingPlatform (>= 1.1)
  - GoogleAppMeasurement (10.15.0):
    - GoogleAppMeasurement/AdIdSupport (= 10.15.0)
    - GoogleUtilities/AppDelegateSwizzler (~> 7.11)
    - GoogleUtilities/MethodSwizzler (~> 7.11)
    - GoogleUtilities/Network (~> 7.11)
    - "GoogleUtilities/NSData+zlib (~> 7.11)"
    - nanopb (< 2.30910.0, >= 2.30908.0)
  - GoogleAppMeasurement/AdIdSupport (10.15.0):
    - GoogleAppMeasurement/WithoutAdIdSupport (= 10.15.0)
    - GoogleUtilities/AppDelegateSwizzler (~> 7.11)
    - GoogleUtilities/MethodSwizzler (~> 7.11)
    - GoogleUtilities/Network (~> 7.11)
    - "GoogleUtilities/NSData+zlib (~> 7.11)"
    - nanopb (< 2.30910.0, >= 2.30908.0)
  - GoogleAppMeasurement/WithoutAdIdSupport (10.15.0):
    - GoogleUtilities/AppDelegateSwizzler (~> 7.11)
    - GoogleUtilities/MethodSwizzler (~> 7.11)
    - GoogleUtilities/Network (~> 7.11)
    - "GoogleUtilities/NSData+zlib (~> 7.11)"
    - nanopb (< 2.30910.0, >= 2.30908.0)
  - GoogleDataTransport (9.2.5):
    - GoogleUtilities/Environment (~> 7.7)
    - nanopb (< 2.30910.0, >= 2.30908.0)
    - PromisesObjC (< 3.0, >= 1.2)
  - GoogleUserMessagingPlatform (2.0.0)
  - GoogleUtilities (7.11.5):
    - GoogleUtilities/AppDelegateSwizzler (= 7.11.5)
    - GoogleUtilities/Environment (= 7.11.5)
    - GoogleUtilities/ISASwizzler (= 7.11.5)
    - GoogleUtilities/Logger (= 7.11.5)
    - GoogleUtilities/MethodSwizzler (= 7.11.5)
    - GoogleUtilities/Network (= 7.11.5)
    - "GoogleUtilities/NSData+zlib (= 7.11.5)"
    - GoogleUtilities/Reachability (= 7.11.5)
    - GoogleUtilities/SwizzlerTestHelpers (= 7.11.5)
    - GoogleUtilities/UserDefaults (= 7.11.5)
  - GoogleUtilities/AppDelegateSwizzler (7.11.5):
    - GoogleUtilities/Environment
    - GoogleUtilities/Logger
    - GoogleUtilities/Network
  - GoogleUtilities/Environment (7.11.5):
    - PromisesObjC (< 3.0, >= 1.2)
  - GoogleUtilities/ISASwizzler (7.11.5)
  - GoogleUtilities/Logger (7.11.5):
    - GoogleUtilities/Environment
  - GoogleUtilities/MethodSwizzler (7.11.5):
    - GoogleUtilities/Logger
  - GoogleUtilities/Network (7.11.5):
    - GoogleUtilities/Logger
    - "GoogleUtilities/NSData+zlib"
    - GoogleUtilities/Reachability
  - "GoogleUtilities/NSData+zlib (7.11.5)"
  - GoogleUtilities/Reachability (7.11.5):
    - GoogleUtilities/Logger
  - GoogleUtilities/SwizzlerTestHelpers (7.11.5):
    - GoogleUtilities/MethodSwizzler
  - GoogleUtilities/UserDefaults (7.11.5):
    - GoogleUtilities/Logger
  - hermes-engine (0.71.1):
    - hermes-engine/Pre-built (= 0.71.1)
  - hermes-engine/Pre-built (0.71.1)
  - libevent (2.1.12)
  - nanopb (2.30909.0):
    - nanopb/decode (= 2.30909.0)
    - nanopb/encode (= 2.30909.0)
  - nanopb/decode (2.30909.0)
  - nanopb/encode (2.30909.0)
  - PromisesObjC (2.3.1)
  - RCT-Folly (2021.07.22.00):
    - boost
    - DoubleConversion
    - fmt (~> 6.2.1)
    - glog
    - RCT-Folly/Default (= 2021.07.22.00)
  - RCT-Folly/Default (2021.07.22.00):
    - boost
    - DoubleConversion
    - fmt (~> 6.2.1)
    - glog
  - RCT-Folly/Futures (2021.07.22.00):
    - boost
    - DoubleConversion
    - fmt (~> 6.2.1)
    - glog
    - libevent
  - RCTRequired (0.71.1)
  - RCTTypeSafety (0.71.1):
    - FBLazyVector (= 0.71.1)
    - RCTRequired (= 0.71.1)
    - React-Core (= 0.71.1)
  - ReachabilitySwift (5.0.0)
  - React (0.71.1):
    - React-Core (= 0.71.1)
    - React-Core/DevSupport (= 0.71.1)
    - React-Core/RCTWebSocket (= 0.71.1)
    - React-RCTActionSheet (= 0.71.1)
    - React-RCTAnimation (= 0.71.1)
    - React-RCTBlob (= 0.71.1)
    - React-RCTImage (= 0.71.1)
    - React-RCTLinking (= 0.71.1)
    - React-RCTNetwork (= 0.71.1)
    - React-RCTSettings (= 0.71.1)
    - React-RCTText (= 0.71.1)
    - React-RCTVibration (= 0.71.1)
  - React-callinvoker (0.71.1)
  - React-Codegen (0.71.1):
    - FBReactNativeSpec
    - hermes-engine
    - RCT-Folly
    - RCTRequired
    - RCTTypeSafety
    - React-Core
    - React-jsi
    - React-jsiexecutor
    - ReactCommon/turbomodule/bridging
    - ReactCommon/turbomodule/core
  - React-Core (0.71.1):
    - glog
    - RCT-Folly (= 2021.07.22.00)
    - React-Core/Default (= 0.71.1)
    - React-cxxreact (= 0.71.1)
    - React-jsi (= 0.71.1)
    - React-jsiexecutor (= 0.71.1)
    - React-perflogger (= 0.71.1)
    - Yoga
  - React-Core/CoreModulesHeaders (0.71.1):
    - glog
    - RCT-Folly (= 2021.07.22.00)
    - React-Core/Default
    - React-cxxreact (= 0.71.1)
    - React-jsi (= 0.71.1)
    - React-jsiexecutor (= 0.71.1)
    - React-perflogger (= 0.71.1)
    - Yoga
  - React-Core/Default (0.71.1):
    - glog
    - RCT-Folly (= 2021.07.22.00)
    - React-cxxreact (= 0.71.1)
    - React-jsi (= 0.71.1)
    - React-jsiexecutor (= 0.71.1)
    - React-perflogger (= 0.71.1)
    - Yoga
  - React-Core/DevSupport (0.71.1):
    - glog
    - RCT-Folly (= 2021.07.22.00)
    - React-Core/Default (= 0.71.1)
    - React-Core/RCTWebSocket (= 0.71.1)
    - React-cxxreact (= 0.71.1)
    - React-jsi (= 0.71.1)
    - React-jsiexecutor (= 0.71.1)
    - React-jsinspector (= 0.71.1)
    - React-perflogger (= 0.71.1)
    - Yoga
  - React-Core/RCTActionSheetHeaders (0.71.1):
    - glog
    - RCT-Folly (= 2021.07.22.00)
    - React-Core/Default
    - React-cxxreact (= 0.71.1)
    - React-jsi (= 0.71.1)
    - React-jsiexecutor (= 0.71.1)
    - React-perflogger (= 0.71.1)
    - Yoga
  - React-Core/RCTAnimationHeaders (0.71.1):
    - glog
    - RCT-Folly (= 2021.07.22.00)
    - React-Core/Default
    - React-cxxreact (= 0.71.1)
    - React-jsi (= 0.71.1)
    - React-jsiexecutor (= 0.71.1)
    - React-perflogger (= 0.71.1)
    - Yoga
  - React-Core/RCTBlobHeaders (0.71.1):
    - glog
    - RCT-Folly (= 2021.07.22.00)
    - React-Core/Default
    - React-cxxreact (= 0.71.1)
    - React-jsi (= 0.71.1)
    - React-jsiexecutor (= 0.71.1)
    - React-perflogger (= 0.71.1)
    - Yoga
  - React-Core/RCTImageHeaders (0.71.1):
    - glog
    - RCT-Folly (= 2021.07.22.00)
    - React-Core/Default
    - React-cxxreact (= 0.71.1)
    - React-jsi (= 0.71.1)
    - React-jsiexecutor (= 0.71.1)
    - React-perflogger (= 0.71.1)
    - Yoga
  - React-Core/RCTLinkingHeaders (0.71.1):
    - glog
    - RCT-Folly (= 2021.07.22.00)
    - React-Core/Default
    - React-cxxreact (= 0.71.1)
    - React-jsi (= 0.71.1)
    - React-jsiexecutor (= 0.71.1)
    - React-perflogger (= 0.71.1)
    - Yoga
  - React-Core/RCTNetworkHeaders (0.71.1):
    - glog
    - RCT-Folly (= 2021.07.22.00)
    - React-Core/Default
    - React-cxxreact (= 0.71.1)
    - React-jsi (= 0.71.1)
    - React-jsiexecutor (= 0.71.1)
    - React-perflogger (= 0.71.1)
    - Yoga
  - React-Core/RCTSettingsHeaders (0.71.1):
    - glog
    - RCT-Folly (= 2021.07.22.00)
    - React-Core/Default
    - React-cxxreact (= 0.71.1)
    - React-jsi (= 0.71.1)
    - React-jsiexecutor (= 0.71.1)
    - React-perflogger (= 0.71.1)
    - Yoga
  - React-Core/RCTTextHeaders (0.71.1):
    - glog
    - RCT-Folly (= 2021.07.22.00)
    - React-Core/Default
    - React-cxxreact (= 0.71.1)
    - React-jsi (= 0.71.1)
    - React-jsiexecutor (= 0.71.1)
    - React-perflogger (= 0.71.1)
    - Yoga
  - React-Core/RCTVibrationHeaders (0.71.1):
    - glog
    - RCT-Folly (= 2021.07.22.00)
    - React-Core/Default
    - React-cxxreact (= 0.71.1)
    - React-jsi (= 0.71.1)
    - React-jsiexecutor (= 0.71.1)
    - React-perflogger (= 0.71.1)
    - Yoga
  - React-Core/RCTWebSocket (0.71.1):
    - glog
    - RCT-Folly (= 2021.07.22.00)
    - React-Core/Default (= 0.71.1)
    - React-cxxreact (= 0.71.1)
    - React-jsi (= 0.71.1)
    - React-jsiexecutor (= 0.71.1)
    - React-perflogger (= 0.71.1)
    - Yoga
  - React-CoreModules (0.71.1):
    - RCT-Folly (= 2021.07.22.00)
    - RCTTypeSafety (= 0.71.1)
    - React-Codegen (= 0.71.1)
    - React-Core/CoreModulesHeaders (= 0.71.1)
    - React-jsi (= 0.71.1)
    - React-RCTImage (= 0.71.1)
    - ReactCommon/turbomodule/core (= 0.71.1)
  - React-cxxreact (0.71.1):
    - boost (= 1.76.0)
    - DoubleConversion
    - glog
    - RCT-Folly (= 2021.07.22.00)
    - React-callinvoker (= 0.71.1)
    - React-jsi (= 0.71.1)
    - React-jsinspector (= 0.71.1)
    - React-logger (= 0.71.1)
    - React-perflogger (= 0.71.1)
    - React-runtimeexecutor (= 0.71.1)
  - React-hermes (0.71.1):
    - DoubleConversion
    - glog
    - hermes-engine
    - RCT-Folly (= 2021.07.22.00)
    - RCT-Folly/Futures (= 2021.07.22.00)
    - React-cxxreact (= 0.71.1)
    - React-jsiexecutor (= 0.71.1)
    - React-jsinspector (= 0.71.1)
    - React-perflogger (= 0.71.1)
  - React-jsi (0.71.1):
    - boost (= 1.76.0)
    - DoubleConversion
    - glog
    - hermes-engine
    - RCT-Folly (= 2021.07.22.00)
  - React-jsiexecutor (0.71.1):
    - DoubleConversion
    - glog
    - RCT-Folly (= 2021.07.22.00)
    - React-cxxreact (= 0.71.1)
    - React-jsi (= 0.71.1)
    - React-perflogger (= 0.71.1)
  - React-jsinspector (0.71.1)
  - React-logger (0.71.1):
    - glog
  - react-native-in-app-review (4.3.3):
    - React-Core
  - react-native-netinfo (9.3.7):
    - React-Core
  - react-native-safe-area-context (3.3.2):
    - React-Core
  - react-native-splash-screen (3.3.0):
    - React-Core
  - React-perflogger (0.71.1)
  - React-RCTActionSheet (0.71.1):
    - React-Core/RCTActionSheetHeaders (= 0.71.1)
  - React-RCTAnimation (0.71.1):
    - RCT-Folly (= 2021.07.22.00)
    - RCTTypeSafety (= 0.71.1)
    - React-Codegen (= 0.71.1)
    - React-Core/RCTAnimationHeaders (= 0.71.1)
    - React-jsi (= 0.71.1)
    - ReactCommon/turbomodule/core (= 0.71.1)
  - React-RCTAppDelegate (0.71.1):
    - RCT-Folly
    - RCTRequired
    - RCTTypeSafety
    - React-Core
    - ReactCommon/turbomodule/core
  - React-RCTBlob (0.71.1):
    - RCT-Folly (= 2021.07.22.00)
    - React-Codegen (= 0.71.1)
    - React-Core/RCTBlobHeaders (= 0.71.1)
    - React-Core/RCTWebSocket (= 0.71.1)
    - React-jsi (= 0.71.1)
    - React-RCTNetwork (= 0.71.1)
    - ReactCommon/turbomodule/core (= 0.71.1)
  - React-RCTImage (0.71.1):
    - RCT-Folly (= 2021.07.22.00)
    - RCTTypeSafety (= 0.71.1)
    - React-Codegen (= 0.71.1)
    - React-Core/RCTImageHeaders (= 0.71.1)
    - React-jsi (= 0.71.1)
    - React-RCTNetwork (= 0.71.1)
    - ReactCommon/turbomodule/core (= 0.71.1)
  - React-RCTLinking (0.71.1):
    - React-Codegen (= 0.71.1)
    - React-Core/RCTLinkingHeaders (= 0.71.1)
    - React-jsi (= 0.71.1)
    - ReactCommon/turbomodule/core (= 0.71.1)
  - React-RCTNetwork (0.71.1):
    - RCT-Folly (= 2021.07.22.00)
    - RCTTypeSafety (= 0.71.1)
    - React-Codegen (= 0.71.1)
    - React-Core/RCTNetworkHeaders (= 0.71.1)
    - React-jsi (= 0.71.1)
    - ReactCommon/turbomodule/core (= 0.71.1)
  - React-RCTSettings (0.71.1):
    - RCT-Folly (= 2021.07.22.00)
    - RCTTypeSafety (= 0.71.1)
    - React-Codegen (= 0.71.1)
    - React-Core/RCTSettingsHeaders (= 0.71.1)
    - React-jsi (= 0.71.1)
    - ReactCommon/turbomodule/core (= 0.71.1)
  - React-RCTText (0.71.1):
    - React-Core/RCTTextHeaders (= 0.71.1)
  - React-RCTVibration (0.71.1):
    - RCT-Folly (= 2021.07.22.00)
    - React-Codegen (= 0.71.1)
    - React-Core/RCTVibrationHeaders (= 0.71.1)
    - React-jsi (= 0.71.1)
    - ReactCommon/turbomodule/core (= 0.71.1)
  - React-runtimeexecutor (0.71.1):
    - React-jsi (= 0.71.1)
  - ReactCommon/turbomodule/bridging (0.71.1):
    - DoubleConversion
    - glog
    - RCT-Folly (= 2021.07.22.00)
    - React-callinvoker (= 0.71.1)
    - React-Core (= 0.71.1)
    - React-cxxreact (= 0.71.1)
    - React-jsi (= 0.71.1)
    - React-logger (= 0.71.1)
    - React-perflogger (= 0.71.1)
  - ReactCommon/turbomodule/core (0.71.1):
    - DoubleConversion
    - glog
    - RCT-Folly (= 2021.07.22.00)
    - React-callinvoker (= 0.71.1)
    - React-Core (= 0.71.1)
    - React-cxxreact (= 0.71.1)
    - React-jsi (= 0.71.1)
    - React-logger (= 0.71.1)
    - React-perflogger (= 0.71.1)
  - RNCAsyncStorage (1.17.11):
    - React-Core
  - RNCMaskedView (0.1.11):
    - React
  - RNCPicker (2.4.8):
    - React-Core
  - RNFBAnalytics (18.5.0):
    - Firebase/AnalyticsWithoutAdIdSupport (= 10.15.0)
    - React-Core
    - RNFBApp
  - RNFBApp (18.5.0):
    - Firebase/CoreOnly (= 10.15.0)
    - React-Core
  - RNFBMessaging (18.5.0):
    - Firebase/Messaging (= 10.15.0)
    - FirebaseCoreExtension (= 10.15.0)
    - React-Core
    - RNFBApp
  - RNGestureHandler (1.10.3):
    - React-Core
  - RNGoogleMobileAds (9.1.1):
    - Google-Mobile-Ads-SDK (= 9.14.0)
    - GoogleUserMessagingPlatform (= 2.0.0)
    - React-Core
  - RNIap (12.4.14):
    - React-Core
  - RNNotifee (3.0.4):
    - React-Core
    - RNNotifee/NotifeeCore (= 3.0.4)
  - RNNotifee/NotifeeCore (3.0.4):
    - React-Core
  - RNReanimated (2.17.0):
    - DoubleConversion
    - FBLazyVector
    - FBReactNativeSpec
    - glog
    - RCT-Folly
    - RCTRequired
    - RCTTypeSafety
    - React-callinvoker
    - React-Core
    - React-Core/DevSupport
    - React-Core/RCTWebSocket
    - React-CoreModules
    - React-cxxreact
    - React-jsi
    - React-jsiexecutor
    - React-jsinspector
    - React-RCTActionSheet
    - React-RCTAnimation
    - React-RCTBlob
    - React-RCTImage
    - React-RCTLinking
    - React-RCTNetwork
    - React-RCTSettings
    - React-RCTText
    - ReactCommon/turbomodule/core
    - Yoga
  - RNScreens (3.18.2):
    - React-Core
    - React-RCTImage
  - RNSVG (13.7.0):
    - React-Core
  - Yoga (1.14.0)

DEPENDENCIES:
  - boost (from `../node_modules/react-native/third-party-podspecs/boost.podspec`)
  - BVLinearGradient (from `../node_modules/react-native-linear-gradient`)
  - DoubleConversion (from `../node_modules/react-native/third-party-podspecs/DoubleConversion.podspec`)
  - EASClient (from `../node_modules/expo-eas-client/ios`)
  - EXApplication (from `../node_modules/expo-application/ios`)
  - EXConstants (from `../node_modules/expo-constants/ios`)
  - EXFileSystem (from `../node_modules/expo-file-system/ios`)
  - EXFont (from `../node_modules/expo-font/ios`)
  - EXJSONUtils (from `../node_modules/expo-json-utils/ios`)
  - EXLocalAuthentication (from `../node_modules/expo-local-authentication/ios`)
  - EXManifests (from `../node_modules/expo-manifests/ios`)
  - EXNotifications (from `../node_modules/expo-notifications/ios`)
  - EXPermissions (from `../node_modules/expo-permissions/ios`)
  - Expo (from `../node_modules/expo`)
  - ExpoHaptics (from `../node_modules/expo-haptics/ios`)
  - ExpoKeepAwake (from `../node_modules/expo-keep-awake/ios`)
  - ExpoModulesCore (from `../node_modules/expo-modules-core`)
  - EXStructuredHeaders (from `../node_modules/expo-structured-headers/ios`)
  - EXUpdates (from `../node_modules/expo-updates/ios`)
  - EXUpdatesInterface (from `../node_modules/expo-updates-interface/ios`)
  - FBLazyVector (from `../node_modules/react-native/Libraries/FBLazyVector`)
  - FBReactNativeSpec (from `../node_modules/react-native/React/FBReactNativeSpec`)
  - FirebaseCore
  - glog (from `../node_modules/react-native/third-party-podspecs/glog.podspec`)
  - GoogleUtilities
  - hermes-engine (from `../node_modules/react-native/sdks/hermes-engine/hermes-engine.podspec`)
  - libevent (~> 2.1.12)
  - RCT-Folly (from `../node_modules/react-native/third-party-podspecs/RCT-Folly.podspec`)
  - RCTRequired (from `../node_modules/react-native/Libraries/RCTRequired`)
  - RCTTypeSafety (from `../node_modules/react-native/Libraries/TypeSafety`)
  - React (from `../node_modules/react-native/`)
  - React-callinvoker (from `../node_modules/react-native/ReactCommon/callinvoker`)
  - React-Codegen (from `build/generated/ios`)
  - React-Core (from `../node_modules/react-native/`)
  - React-Core/RCTWebSocket (from `../node_modules/react-native/`)
  - React-CoreModules (from `../node_modules/react-native/React/CoreModules`)
  - React-cxxreact (from `../node_modules/react-native/ReactCommon/cxxreact`)
  - React-hermes (from `../node_modules/react-native/ReactCommon/hermes`)
  - React-jsi (from `../node_modules/react-native/ReactCommon/jsi`)
  - React-jsiexecutor (from `../node_modules/react-native/ReactCommon/jsiexecutor`)
  - React-jsinspector (from `../node_modules/react-native/ReactCommon/jsinspector`)
  - React-logger (from `../node_modules/react-native/ReactCommon/logger`)
  - react-native-in-app-review (from `../node_modules/react-native-in-app-review`)
  - "react-native-netinfo (from `../node_modules/@react-native-community/netinfo`)"
  - react-native-safe-area-context (from `../node_modules/react-native-safe-area-context`)
  - react-native-splash-screen (from `../node_modules/react-native-splash-screen`)
  - React-perflogger (from `../node_modules/react-native/ReactCommon/reactperflogger`)
  - React-RCTActionSheet (from `../node_modules/react-native/Libraries/ActionSheetIOS`)
  - React-RCTAnimation (from `../node_modules/react-native/Libraries/NativeAnimation`)
  - React-RCTAppDelegate (from `../node_modules/react-native/Libraries/AppDelegate`)
  - React-RCTBlob (from `../node_modules/react-native/Libraries/Blob`)
  - React-RCTImage (from `../node_modules/react-native/Libraries/Image`)
  - React-RCTLinking (from `../node_modules/react-native/Libraries/LinkingIOS`)
  - React-RCTNetwork (from `../node_modules/react-native/Libraries/Network`)
  - React-RCTSettings (from `../node_modules/react-native/Libraries/Settings`)
  - React-RCTText (from `../node_modules/react-native/Libraries/Text`)
  - React-RCTVibration (from `../node_modules/react-native/Libraries/Vibration`)
  - React-runtimeexecutor (from `../node_modules/react-native/ReactCommon/runtimeexecutor`)
  - ReactCommon/turbomodule/core (from `../node_modules/react-native/ReactCommon`)
  - "RNCAsyncStorage (from `../node_modules/@react-native-async-storage/async-storage`)"
  - "RNCMaskedView (from `../node_modules/@react-native-community/masked-view`)"
  - "RNCPicker (from `../node_modules/@react-native-picker/picker`)"
  - "RNFBAnalytics (from `../node_modules/@react-native-firebase/analytics`)"
  - "RNFBApp (from `../node_modules/@react-native-firebase/app`)"
  - "RNFBMessaging (from `../node_modules/@react-native-firebase/messaging`)"
  - RNGestureHandler (from `../node_modules/react-native-gesture-handler`)
  - RNGoogleMobileAds (from `../node_modules/react-native-google-mobile-ads`)
  - RNIap (from `../node_modules/react-native-iap`)
  - "RNNotifee (from `../node_modules/@notifee/react-native`)"
  - RNReanimated (from `../node_modules/react-native-reanimated`)
  - RNScreens (from `../node_modules/react-native-screens`)
  - RNSVG (from `../node_modules/react-native-svg`)
  - Yoga (from `../node_modules/react-native/ReactCommon/yoga`)

SPEC REPOS:
  trunk:
    - ASN1Decoder
    - Firebase
    - FirebaseAnalytics
    - FirebaseCore
    - FirebaseCoreExtension
    - FirebaseCoreInternal
    - FirebaseInstallations
    - FirebaseMessaging
    - fmt
    - Google-Mobile-Ads-SDK
    - GoogleAppMeasurement
    - GoogleDataTransport
    - GoogleUserMessagingPlatform
    - GoogleUtilities
    - libevent
    - nanopb
    - PromisesObjC
    - ReachabilitySwift

EXTERNAL SOURCES:
  boost:
    :podspec: "../node_modules/react-native/third-party-podspecs/boost.podspec"
  BVLinearGradient:
    :path: "../node_modules/react-native-linear-gradient"
  DoubleConversion:
    :podspec: "../node_modules/react-native/third-party-podspecs/DoubleConversion.podspec"
  EASClient:
    :path: "../node_modules/expo-eas-client/ios"
  EXApplication:
    :path: "../node_modules/expo-application/ios"
  EXConstants:
    :path: "../node_modules/expo-constants/ios"
  EXFileSystem:
    :path: "../node_modules/expo-file-system/ios"
  EXFont:
    :path: "../node_modules/expo-font/ios"
  EXJSONUtils:
    :path: "../node_modules/expo-json-utils/ios"
  EXLocalAuthentication:
    :path: "../node_modules/expo-local-authentication/ios"
  EXManifests:
    :path: "../node_modules/expo-manifests/ios"
  EXNotifications:
    :path: "../node_modules/expo-notifications/ios"
  EXPermissions:
    :path: "../node_modules/expo-permissions/ios"
  Expo:
    :path: "../node_modules/expo"
  ExpoHaptics:
    :path: "../node_modules/expo-haptics/ios"
  ExpoKeepAwake:
    :path: "../node_modules/expo-keep-awake/ios"
  ExpoModulesCore:
    :path: "../node_modules/expo-modules-core"
  EXStructuredHeaders:
    :path: "../node_modules/expo-structured-headers/ios"
  EXUpdates:
    :path: "../node_modules/expo-updates/ios"
  EXUpdatesInterface:
    :path: "../node_modules/expo-updates-interface/ios"
  FBLazyVector:
    :path: "../node_modules/react-native/Libraries/FBLazyVector"
  FBReactNativeSpec:
    :path: "../node_modules/react-native/React/FBReactNativeSpec"
  glog:
    :podspec: "../node_modules/react-native/third-party-podspecs/glog.podspec"
  hermes-engine:
    :podspec: "../node_modules/react-native/sdks/hermes-engine/hermes-engine.podspec"
  RCT-Folly:
    :podspec: "../node_modules/react-native/third-party-podspecs/RCT-Folly.podspec"
  RCTRequired:
    :path: "../node_modules/react-native/Libraries/RCTRequired"
  RCTTypeSafety:
    :path: "../node_modules/react-native/Libraries/TypeSafety"
  React:
    :path: "../node_modules/react-native/"
  React-callinvoker:
    :path: "../node_modules/react-native/ReactCommon/callinvoker"
  React-Codegen:
    :path: build/generated/ios
  React-Core:
    :path: "../node_modules/react-native/"
  React-CoreModules:
    :path: "../node_modules/react-native/React/CoreModules"
  React-cxxreact:
    :path: "../node_modules/react-native/ReactCommon/cxxreact"
  React-hermes:
    :path: "../node_modules/react-native/ReactCommon/hermes"
  React-jsi:
    :path: "../node_modules/react-native/ReactCommon/jsi"
  React-jsiexecutor:
    :path: "../node_modules/react-native/ReactCommon/jsiexecutor"
  React-jsinspector:
    :path: "../node_modules/react-native/ReactCommon/jsinspector"
  React-logger:
    :path: "../node_modules/react-native/ReactCommon/logger"
  react-native-in-app-review:
    :path: "../node_modules/react-native-in-app-review"
  react-native-netinfo:
    :path: "../node_modules/@react-native-community/netinfo"
  react-native-safe-area-context:
    :path: "../node_modules/react-native-safe-area-context"
  react-native-splash-screen:
    :path: "../node_modules/react-native-splash-screen"
  React-perflogger:
    :path: "../node_modules/react-native/ReactCommon/reactperflogger"
  React-RCTActionSheet:
    :path: "../node_modules/react-native/Libraries/ActionSheetIOS"
  React-RCTAnimation:
    :path: "../node_modules/react-native/Libraries/NativeAnimation"
  React-RCTAppDelegate:
    :path: "../node_modules/react-native/Libraries/AppDelegate"
  React-RCTBlob:
    :path: "../node_modules/react-native/Libraries/Blob"
  React-RCTImage:
    :path: "../node_modules/react-native/Libraries/Image"
  React-RCTLinking:
    :path: "../node_modules/react-native/Libraries/LinkingIOS"
  React-RCTNetwork:
    :path: "../node_modules/react-native/Libraries/Network"
  React-RCTSettings:
    :path: "../node_modules/react-native/Libraries/Settings"
  React-RCTText:
    :path: "../node_modules/react-native/Libraries/Text"
  React-RCTVibration:
    :path: "../node_modules/react-native/Libraries/Vibration"
  React-runtimeexecutor:
    :path: "../node_modules/react-native/ReactCommon/runtimeexecutor"
  ReactCommon:
    :path: "../node_modules/react-native/ReactCommon"
  RNCAsyncStorage:
    :path: "../node_modules/@react-native-async-storage/async-storage"
  RNCMaskedView:
    :path: "../node_modules/@react-native-community/masked-view"
  RNCPicker:
    :path: "../node_modules/@react-native-picker/picker"
  RNFBAnalytics:
    :path: "../node_modules/@react-native-firebase/analytics"
  RNFBApp:
    :path: "../node_modules/@react-native-firebase/app"
  RNFBMessaging:
    :path: "../node_modules/@react-native-firebase/messaging"
  RNGestureHandler:
    :path: "../node_modules/react-native-gesture-handler"
  RNGoogleMobileAds:
    :path: "../node_modules/react-native-google-mobile-ads"
  RNIap:
    :path: "../node_modules/react-native-iap"
  RNNotifee:
    :path: "../node_modules/@notifee/react-native"
  RNReanimated:
    :path: "../node_modules/react-native-reanimated"
  RNScreens:
    :path: "../node_modules/react-native-screens"
  RNSVG:
    :path: "../node_modules/react-native-svg"
  Yoga:
    :path: "../node_modules/react-native/ReactCommon/yoga"

SPEC CHECKSUMS:
  ASN1Decoder: 4f4bbcaf1d1b8be56daa3280e82863a607f5bda9
  boost: 57d2868c099736d80fcd648bf211b4431e51a558
  BVLinearGradient: 34a999fda29036898a09c6a6b728b0b4189e1a44
  DoubleConversion: 5189b271737e1565bdce30deb4a08d647e3f5f54
  EASClient: 49f8ea858204eb4844d9fb386e5fb7920aee2e30
  EXApplication: 042aa2e3f05258a16962ea1a9914bf288db9c9a1
  EXConstants: ce5bbea779da8031ac818c36bea41b10e14d04e1
  EXFileSystem: 2b826a3bf1071a4b80a8457e97124783d1ac860e
  EXFont: 738c44c390953ebcbab075a4848bfbef025fd9ee
  EXJSONUtils: 6802be4282d42b97c51682468ddc1026a06f8276
  EXLocalAuthentication: 78cc5a00b13745b41d16d189ab332b61a01299f9
  EXManifests: cf66451b11b2c2f6464917528d792759f7fd6ce0
  EXNotifications: 09394cbd7165f9a4a00a53328aa09bf874bae717
  EXPermissions: a2007c82e5d3ffeb2e2dbc78ef65ae464dd1ee57
  Expo: 8a2d2c235bcbe4f41774562a0635bd74c174858c
  ExpoHaptics: efe9e68e9dfe0d15c183c0c70a25f3874124ab9e
  ExpoKeepAwake: be4cbd52d9b177cde0fd66daa1913afa3161fc1d
  ExpoModulesCore: d9d45dcbb86a5dba2ec62253267720cb58516f75
  EXStructuredHeaders: 324cc3130571d2696357fafd8be7fd9a0b5fdf6e
  EXUpdates: 84247b49ea4dde3c6ce5b33c8fc9ac5a2757b73f
  EXUpdatesInterface: 82ed48d417cdcd376c12ca1c2ce390d35500bed6
  FBLazyVector: ad72713385db5289b19f1ead07e8e4aa26dcb01d
  FBReactNativeSpec: df2602c11e33d310433496e28a48b4b2be652a61
  Firebase: 66043bd4579e5b73811f96829c694c7af8d67435
  FirebaseAnalytics: 47cef43728f81a839cf1306576bdd77ffa2eac7e
  FirebaseCore: 2cec518b43635f96afe7ac3a9c513e47558abd2e
  FirebaseCoreExtension: d3f1ea3725fb41f56e8fbfb29eeaff54e7ffb8f6
  FirebaseCoreInternal: 2f4bee5ed00301b5e56da0849268797a2dd31fb4
  FirebaseInstallations: cae95cab0f965ce05b805189de1d4c70b11c76fb
  FirebaseMessaging: 0c0ae1eb722ef0c07f7801e5ded8dccd1357d6d4
  fmt: ff9d55029c625d3757ed641535fd4a75fedc7ce9
  glog: 04b94705f318337d7ead9e6d17c019bd9b1f6b1b
  Google-Mobile-Ads-SDK: 4fe6304b771f8467d29978cb790ec1e56e646946
  GoogleAppMeasurement: 722db6550d1e6d552b08398b69a975ac61039338
  GoogleDataTransport: 54dee9d48d14580407f8f5fbf2f496e92437a2f2
  GoogleUserMessagingPlatform: ab890ce5f6620f293a21b6bdd82e416a2c73aeca
  GoogleUtilities: 13e2c67ede716b8741c7989e26893d151b2b2084
  hermes-engine: 922ccd744f50d9bfde09e9677bf0f3b562ea5fb9
  libevent: 4049cae6c81cdb3654a443be001fb9bdceff7913
  nanopb: b552cce312b6c8484180ef47159bc0f65a1f0431
  PromisesObjC: c50d2056b5253dadbd6c2bea79b0674bd5a52fa4
  RCT-Folly: 424b8c9a7a0b9ab2886ffe9c3b041ef628fd4fb1
  RCTRequired: fd4d923b964658aa0c4091a32c8b2004c6d9e3a6
  RCTTypeSafety: c276d85975bde3d8448907235c70bf0da257adfd
  ReachabilitySwift: 985039c6f7b23a1da463388634119492ff86c825
  React: e481a67971af1ce9639c9f746b753dd0e84ca108
  React-callinvoker: 1051c04a94fa9d243786b86380606bad701a3b31
  React-Codegen: 14b1e716d361d5ad95e0ce1a338f3fa0733a98b5
  React-Core: 698fc3baecb80d511d987475a16d036cec6d287f
  React-CoreModules: 59245305f41ff0adfeac334acc0594dea4585a7c
  React-cxxreact: 49accd2954b0f532805dbcd1918fa6962f32f247
  React-hermes: d068733294581a085e95b6024e8d951b005e26d3
  React-jsi: 122b9bce14f4c6c7cb58f28f87912cfe091885fa
  React-jsiexecutor: 60cf272aababc5212410e4249d17cea14fc36caa
  React-jsinspector: ff56004b0c974b688a6548c156d5830ad751ae07
  React-logger: 60a0b5f8bed667ecf9e24fecca1f30d125de6d75
  react-native-in-app-review: db8bb167a5f238e7ceca5c242d6b36ce8c4404a4
  react-native-netinfo: 2517ad504b3d303e90d7a431b0fcaef76d207983
  react-native-safe-area-context: 584dc04881deb49474363f3be89e4ca0e854c057
  react-native-splash-screen: 4312f786b13a81b5169ef346d76d33bc0c6dc457
  React-perflogger: ec8eef2a8f03ecfa6361c2c5fb9197ef4a29cc85
  React-RCTActionSheet: a0c023b86cf4c862fa9c4eb0f6f91fbe878fb2de
  React-RCTAnimation: 168d53718c74153947c0109f55900faa64d79439
  React-RCTAppDelegate: a8efbab128b34aa07a9491c85a41401210b1bec5
  React-RCTBlob: 9bcbfc893bfda9f6b2eb016329d38c0f6366d31a
  React-RCTImage: 3fcd4570b4b0f1ac2f4b4b6308dba33ce66c5b50
  React-RCTLinking: 1edb8e1bb3fc39bf9e13c63d6aaaa3f0c3d18683
  React-RCTNetwork: 500a79e0e0f67678077df727fabba87a55c043e1
  React-RCTSettings: cc4414eb84ad756d619076c3999fecbf12896d6f
  React-RCTText: 2a34261f3da6e34f47a62154def657546ebfa5e1
  React-RCTVibration: 49d531ec8498e0afa2c9b22c2205784372e3d4f3
  React-runtimeexecutor: 311feb67600774723fe10eb8801d3138cae9ad67
  ReactCommon: 03be76588338a27a88d103b35c3c44a3fd43d136
  RNCAsyncStorage: 8616bd5a58af409453ea4e1b246521bb76578d60
  RNCMaskedView: 0e1bc4bfa8365eba5fbbb71e07fbdc0555249489
  RNCPicker: 0bf8ef8f7800524f32d2bb2a8bcadd53eda0ecd1
  RNFBAnalytics: cc406ee9bd0ddaad8d14400586cec215660bbf4c
  RNFBApp: cc9384746945ac0eedd4759171a8abb4c4c5309d
  RNFBMessaging: 3c573398dced30f6cbaf55a195080916ea23f819
  RNGestureHandler: a479ebd5ed4221a810967000735517df0d2db211
  RNGoogleMobileAds: 17d3783e4933e48e7c1f46afb29a66e835444d59
  RNIap: dfe5f587bd1d3f9ef0a85c90deac47690725b246
  RNNotifee: c1d164933c68654e1fb2c843118506751ad4578c
  RNReanimated: f186e85d9f28c9383d05ca39e11dd194f59093ec
  RNScreens: 34cc502acf1b916c582c60003dc3089fa01dc66d
  RNSVG: d787d64ca06b9158e763ad2638a8c4edce00782a
  Yoga: 921eb014669cf9c718ada68b08d362517d564e0c

PODFILE CHECKSUM: 6be42228465cc2656acf56df4268a0fcf452d7f6

COCOAPODS: 1.12.1
